
Microsoft Visual Studio Solution File, Format Version 12.00
# Visual Studio 15
VisualStudioVersion = 15.0.27130.2024
MinimumVisualStudioVersion = 10.0.40219.1
Project("{FAE04EC0-301F-11D3-BF4B-00C04F79EFBC}") = "ACI_PORT_MONITOR", "ACI_PORT_MONITOR\ACI_PORT_MONITOR.csproj", "{EFF80061-9137-461B-89B9-DECF47752C52}"
EndProject
Global
	GlobalSection(SolutionConfigurationPlatforms) = preSolution
		Debug|Any CPU = Debug|Any CPU
		Release|Any CPU = Release|Any CPU
	EndGlobalSection
	GlobalSection(ProjectConfigurationPlatforms) = postSolution
		{EFF80061-9137-461B-89B9-DECF47752C52}.Debug|Any CPU.ActiveCfg = Debug|Any CPU
		{EFF80061-9137-461B-89B9-DECF47752C52}.Debug|Any CPU.Build.0 = Debug|Any CPU
		{EFF80061-9137-461B-89B9-DECF47752C52}.Release|Any CPU.ActiveCfg = Release|Any CPU
		{EFF80061-9137-461B-89B9-DECF47752C52}.Release|Any CPU.Build.0 = Release|Any CPU
	EndGlobalSection
	GlobalSection(SolutionProperties) = preSolution
		HideSolutionNode = FALSE
	EndGlobalSection
	GlobalSection(ExtensibilityGlobals) = postSolution
		SolutionGuid = {4EDA2770-89BF-49EF-8440-3A144F225035}
	EndGlobalSection
EndGlobal
